
Microsoft Visual Studio Solution File, Format Version 12.00
# Visual Studio Version 17
VisualStudioVersion = 17.0.31903.59
MinimumVisualStudioVersion = 10.0.40219.1
Project("{2150E333-8FDC-42A3-9474-1A3956D46DE8}") = "src", "src", "{827E0CD3-B72D-47B6-A68D-7590B98EB39B}"
EndProject
Project("{FAE04EC0-301F-11D3-BF4B-00C04F79EFBC}") = "RhinoFoundry.UI", "src\RhinoFoundry.UI\RhinoFoundry.UI.csproj", "{70DAD9A6-B1F0-4857-B44B-FF5A82BCC3B9}"
EndProject
Project("{2150E333-8FDC-42A3-9474-1A3956D46DE8}") = "tests", "tests", "{0AB3BF05-4346-4AA6-1389-037BE0695223}"
EndProject
Project("{FAE04EC0-301F-11D3-BF4B-00C04F79EFBC}") = "RhinoFoundry.UI.Tests", "tests\RhinoFoundry.UI.Tests\RhinoFoundry.UI.Tests.csproj", "{EE34A0E0-4EDE-4E39-AC5D-77E0C6D99AC7}"
EndProject
Project("{FAE04EC0-301F-11D3-BF4B-00C04F79EFBC}") = "RhinoFoundry.UI.Primitives", "src\RhinoFoundry.UI.Primitives\RhinoFoundry.UI.Primitives.csproj", "{0EC3011F-4935-45AD-9666-BA792B181C1B}"
EndProject
Project("{FAE04EC0-301F-11D3-BF4B-00C04F79EFBC}") = "RhinoFoundry.UI.Primitives.Tests", "tests\RhinoFoundry.UI.Primitives.Tests\RhinoFoundry.UI.Primitives.Tests.csproj", "{8BDD0EF7-E153-421F-9322-B14A7DEDE674}"
EndProject
Project("{FAE04EC0-301F-11D3-BF4B-00C04F79EFBC}") = "RhinoFoundry.UI.MacOS", "src\RhinoFoundry.UI.MacOS\RhinoFoundry.UI.MacOS.csproj", "{36444A35-7BF0-4677-AE75-2301ED63029F}"
EndProject
Project("{2150E333-8FDC-42A3-9474-1A3956D46DE8}") = "tools", "tools", "{07C2787E-EAC7-C090-1BA3-A61EC2A24D84}"
EndProject
Project("{FAE04EC0-301F-11D3-BF4B-00C04F79EFBC}") = "RhinoFoundry.UI.HostChecks", "tools\RhinoFoundry.UI.HostChecks\RhinoFoundry.UI.HostChecks.csproj", "{E6DFA356-8BFB-4DDD-A705-5B487560D4B4}"
EndProject
Global
	GlobalSection(SolutionConfigurationPlatforms) = preSolution
		Debug|Any CPU = Debug|Any CPU
		Debug|x64 = Debug|x64
		Debug|x86 = Debug|x86
		Release|Any CPU = Release|Any CPU
		Release|x64 = Release|x64
		Release|x86 = Release|x86
	EndGlobalSection
	GlobalSection(ProjectConfigurationPlatforms) = postSolution
		{70DAD9A6-B1F0-4857-B44B-FF5A82BCC3B9}.Debug|Any CPU.ActiveCfg = Debug|Any CPU
		{70DAD9A6-B1F0-4857-B44B-FF5A82BCC3B9}.Debug|Any CPU.Build.0 = Debug|Any CPU
		{70DAD9A6-B1F0-4857-B44B-FF5A82BCC3B9}.Debug|x64.ActiveCfg = Debug|Any CPU
		{70DAD9A6-B1F0-4857-B44B-FF5A82BCC3B9}.Debug|x64.Build.0 = Debug|Any CPU
		{70DAD9A6-B1F0-4857-B44B-FF5A82BCC3B9}.Debug|x86.ActiveCfg = Debug|Any CPU
		{70DAD9A6-B1F0-4857-B44B-FF5A82BCC3B9}.Debug|x86.Build.0 = Debug|Any CPU
		{70DAD9A6-B1F0-4857-B44B-FF5A82BCC3B9}.Release|Any CPU.ActiveCfg = Release|Any CPU
		{70DAD9A6-B1F0-4857-B44B-FF5A82BCC3B9}.Release|Any CPU.Build.0 = Release|Any CPU
		{70DAD9A6-B1F0-4857-B44B-FF5A82BCC3B9}.Release|x64.ActiveCfg = Release|Any CPU
		{70DAD9A6-B1F0-4857-B44B-FF5A82BCC3B9}.Release|x64.Build.0 = Release|Any CPU
		{70DAD9A6-B1F0-4857-B44B-FF5A82BCC3B9}.Release|x86.ActiveCfg = Release|Any CPU
		{70DAD9A6-B1F0-4857-B44B-FF5A82BCC3B9}.Release|x86.Build.0 = Release|Any CPU
		{EE34A0E0-4EDE-4E39-AC5D-77E0C6D99AC7}.Debug|Any CPU.ActiveCfg = Debug|Any CPU
		{EE34A0E0-4EDE-4E39-AC5D-77E0C6D99AC7}.Debug|Any CPU.Build.0 = Debug|Any CPU
		{EE34A0E0-4EDE-4E39-AC5D-77E0C6D99AC7}.Debug|x64.ActiveCfg = Debug|Any CPU
		{EE34A0E0-4EDE-4E39-AC5D-77E0C6D99AC7}.Debug|x64.Build.0 = Debug|Any CPU
		{EE34A0E0-4EDE-4E39-AC5D-77E0C6D99AC7}.Debug|x86.ActiveCfg = Debug|Any CPU
		{EE34A0E0-4EDE-4E39-AC5D-77E0C6D99AC7}.Debug|x86.Build.0 = Debug|Any CPU
		{EE34A0E0-4EDE-4E39-AC5D-77E0C6D99AC7}.Release|Any CPU.ActiveCfg = Release|Any CPU
		{EE34A0E0-4EDE-4E39-AC5D-77E0C6D99AC7}.Release|Any CPU.Build.0 = Release|Any CPU
		{EE34A0E0-4EDE-4E39-AC5D-77E0C6D99AC7}.Release|x64.ActiveCfg = Release|Any CPU
		{EE34A0E0-4EDE-4E39-AC5D-77E0C6D99AC7}.Release|x64.Build.0 = Release|Any CPU
		{EE34A0E0-4EDE-4E39-AC5D-77E0C6D99AC7}.Release|x86.ActiveCfg = Release|Any CPU
		{EE34A0E0-4EDE-4E39-AC5D-77E0C6D99AC7}.Release|x86.Build.0 = Release|Any CPU
		{0EC3011F-4935-45AD-9666-BA792B181C1B}.Debug|Any CPU.ActiveCfg = Debug|Any CPU
		{0EC3011F-4935-45AD-9666-BA792B181C1B}.Debug|Any CPU.Build.0 = Debug|Any CPU
		{0EC3011F-4935-45AD-9666-BA792B181C1B}.Debug|x64.ActiveCfg = Debug|Any CPU
		{0EC3011F-4935-45AD-9666-BA792B181C1B}.Debug|x64.Build.0 = Debug|Any CPU
		{0EC3011F-4935-45AD-9666-BA792B181C1B}.Debug|x86.ActiveCfg = Debug|Any CPU
		{0EC3011F-4935-45AD-9666-BA792B181C1B}.Debug|x86.Build.0 = Debug|Any CPU
		{0EC3011F-4935-45AD-9666-BA792B181C1B}.Release|Any CPU.ActiveCfg = Release|Any CPU
		{0EC3011F-4935-45AD-9666-BA792B181C1B}.Release|Any CPU.Build.0 = Release|Any CPU
		{0EC3011F-4935-45AD-9666-BA792B181C1B}.Release|x64.ActiveCfg = Release|Any CPU
		{0EC3011F-4935-45AD-9666-BA792B181C1B}.Release|x64.Build.0 = Release|Any CPU
		{0EC3011F-4935-45AD-9666-BA792B181C1B}.Release|x86.ActiveCfg = Release|Any CPU
		{0EC3011F-4935-45AD-9666-BA792B181C1B}.Release|x86.Build.0 = Release|Any CPU
		{8BDD0EF7-E153-421F-9322-B14A7DEDE674}.Debug|Any CPU.ActiveCfg = Debug|Any CPU
		{8BDD0EF7-E153-421F-9322-B14A7DEDE674}.Debug|Any CPU.Build.0 = Debug|Any CPU
		{8BDD0EF7-E153-421F-9322-B14A7DEDE674}.Debug|x64.ActiveCfg = Debug|Any CPU
		{8BDD0EF7-E153-421F-9322-B14A7DEDE674}.Debug|x64.Build.0 = Debug|Any CPU
		{8BDD0EF7-E153-421F-9322-B14A7DEDE674}.Debug|x86.ActiveCfg = Debug|Any CPU
		{8BDD0EF7-E153-421F-9322-B14A7DEDE674}.Debug|x86.Build.0 = Debug|Any CPU
		{8BDD0EF7-E153-421F-9322-B14A7DEDE674}.Release|Any CPU.ActiveCfg = Release|Any CPU
		{8BDD0EF7-E153-421F-9322-B14A7DEDE674}.Release|Any CPU.Build.0 = Release|Any CPU
		{8BDD0EF7-E153-421F-9322-B14A7DEDE674}.Release|x64.ActiveCfg = Release|Any CPU
		{8BDD0EF7-E153-421F-9322-B14A7DEDE674}.Release|x64.Build.0 = Release|Any CPU
		{8BDD0EF7-E153-421F-9322-B14A7DEDE674}.Release|x86.ActiveCfg = Release|Any CPU
		{8BDD0EF7-E153-421F-9322-B14A7DEDE674}.Release|x86.Build.0 = Release|Any CPU
		{36444A35-7BF0-4677-AE75-2301ED63029F}.Debug|Any CPU.ActiveCfg = Debug|Any CPU
		{36444A35-7BF0-4677-AE75-2301ED63029F}.Debug|Any CPU.Build.0 = Debug|Any CPU
		{36444A35-7BF0-4677-AE75-2301ED63029F}.Debug|x64.ActiveCfg = Debug|Any CPU
		{36444A35-7BF0-4677-AE75-2301ED63029F}.Debug|x64.Build.0 = Debug|Any CPU
		{36444A35-7BF0-4677-AE75-2301ED63029F}.Debug|x86.ActiveCfg = Debug|Any CPU
		{36444A35-7BF0-4677-AE75-2301ED63029F}.Debug|x86.Build.0 = Debug|Any CPU
		{36444A35-7BF0-4677-AE75-2301ED63029F}.Release|Any CPU.ActiveCfg = Release|Any CPU
		{36444A35-7BF0-4677-AE75-2301ED63029F}.Release|Any CPU.Build.0 = Release|Any CPU
		{36444A35-7BF0-4677-AE75-2301ED63029F}.Release|x64.ActiveCfg = Release|Any CPU
		{36444A35-7BF0-4677-AE75-2301ED63029F}.Release|x64.Build.0 = Release|Any CPU
		{36444A35-7BF0-4677-AE75-2301ED63029F}.Release|x86.ActiveCfg = Release|Any CPU
		{36444A35-7BF0-4677-AE75-2301ED63029F}.Release|x86.Build.0 = Release|Any CPU
		{E6DFA356-8BFB-4DDD-A705-5B487560D4B4}.Debug|Any CPU.ActiveCfg = Debug|Any CPU
		{E6DFA356-8BFB-4DDD-A705-5B487560D4B4}.Debug|Any CPU.Build.0 = Debug|Any CPU
		{E6DFA356-8BFB-4DDD-A705-5B487560D4B4}.Debug|x64.ActiveCfg = Debug|Any CPU
		{E6DFA356-8BFB-4DDD-A705-5B487560D4B4}.Debug|x64.Build.0 = Debug|Any CPU
		{E6DFA356-8BFB-4DDD-A705-5B487560D4B4}.Debug|x86.ActiveCfg = Debug|Any CPU
		{E6DFA356-8BFB-4DDD-A705-5B487560D4B4}.Debug|x86.Build.0 = Debug|Any CPU
		{E6DFA356-8BFB-4DDD-A705-5B487560D4B4}.Release|Any CPU.ActiveCfg = Release|Any CPU
		{E6DFA356-8BFB-4DDD-A705-5B487560D4B4}.Release|Any CPU.Build.0 = Release|Any CPU
		{E6DFA356-8BFB-4DDD-A705-5B487560D4B4}.Release|x64.ActiveCfg = Release|Any CPU
		{E6DFA356-8BFB-4DDD-A705-5B487560D4B4}.Release|x64.Build.0 = Release|Any CPU
		{E6DFA356-8BFB-4DDD-A705-5B487560D4B4}.Release|x86.ActiveCfg = Release|Any CPU
		{E6DFA356-8BFB-4DDD-A705-5B487560D4B4}.Release|x86.Build.0 = Release|Any CPU
	EndGlobalSection
	GlobalSection(SolutionProperties) = preSolution
		HideSolutionNode = FALSE
	EndGlobalSection
	GlobalSection(NestedProjects) = preSolution
		{70DAD9A6-B1F0-4857-B44B-FF5A82BCC3B9} = {827E0CD3-B72D-47B6-A68D-7590B98EB39B}
		{EE34A0E0-4EDE-4E39-AC5D-77E0C6D99AC7} = {0AB3BF05-4346-4AA6-1389-037BE0695223}
		{0EC3011F-4935-45AD-9666-BA792B181C1B} = {827E0CD3-B72D-47B6-A68D-7590B98EB39B}
		{8BDD0EF7-E153-421F-9322-B14A7DEDE674} = {0AB3BF05-4346-4AA6-1389-037BE0695223}
		{36444A35-7BF0-4677-AE75-2301ED63029F} = {827E0CD3-B72D-47B6-A68D-7590B98EB39B}
		{E6DFA356-8BFB-4DDD-A705-5B487560D4B4} = {07C2787E-EAC7-C090-1BA3-A61EC2A24D84}
	EndGlobalSection
EndGlobal
